
Microsoft Visual Studio Solution File, Format Version 12.00
# Visual Studio Version 17
VisualStudioVersion = 17.11.35327.3
MinimumVisualStudioVersion = 10.0.40219.1
Project("{9A19103F-16F7-4668-BE54-9A1E7A4F7556}") = "Blazor_QuickGrid", "Blazor_QuickGrid\Blazor_QuickGrid.csproj", "{E37266A1-047B-467E-A6C7-DF9323821CF3}"
EndProject
Project("{FAE04EC0-301F-11D3-BF4B-00C04F79EFBC}") = "Core_API_ProductInfo", "Core_API_ProductInfo\Core_API_ProductInfo.csproj", "{136D7256-7435-4C51-923C-B39C70F29F19}"
EndProject
Global
	GlobalSection(SolutionConfigurationPlatforms) = preSolution
		Debug|Any CPU = Debug|Any CPU
		Release|Any CPU = Release|Any CPU
	EndGlobalSection
	GlobalSection(ProjectConfigurationPlatforms) = postSolution
		{E37266A1-047B-467E-A6C7-DF9323821CF3}.Debug|Any CPU.ActiveCfg = Debug|Any CPU
		{E37266A1-047B-467E-A6C7-DF9323821CF3}.Debug|Any CPU.Build.0 = Debug|Any CPU
		{E37266A1-047B-467E-A6C7-DF9323821CF3}.Release|Any CPU.ActiveCfg = Release|Any CPU
		{E37266A1-047B-467E-A6C7-DF9323821CF3}.Release|Any CPU.Build.0 = Release|Any CPU
		{136D7256-7435-4C51-923C-B39C70F29F19}.Debug|Any CPU.ActiveCfg = Debug|Any CPU
		{136D7256-7435-4C51-923C-B39C70F29F19}.Debug|Any CPU.Build.0 = Debug|Any CPU
		{136D7256-7435-4C51-923C-B39C70F29F19}.Release|Any CPU.ActiveCfg = Release|Any CPU
		{136D7256-7435-4C51-923C-B39C70F29F19}.Release|Any CPU.Build.0 = Release|Any CPU
	EndGlobalSection
	GlobalSection(SolutionProperties) = preSolution
		HideSolutionNode = FALSE
	EndGlobalSection
	GlobalSection(ExtensibilityGlobals) = postSolution
		SolutionGuid = {98B36B12-5DBB-4FA4-B7ED-9CB5C0F9A8E7}
	EndGlobalSection
EndGlobal
